
Microsoft Visual Studio Solution File, Format Version 12.00
# Visual Studio 15
VisualStudioVersion = 15.0.27703.2042
MinimumVisualStudioVersion = 10.0.40219.1
Project("{FAE04EC0-301F-11D3-BF4B-00C04F79EFBC}") = "100primes", "100primes\100primes.csproj", "{AF5DD69E-A195-4FB3-9A73-56EB01C12283}"
EndProject
Global
	GlobalSection(SolutionConfigurationPlatforms) = preSolution
		Debug|Any CPU = Debug|Any CPU
		Release|Any CPU = Release|Any CPU
	EndGlobalSection
	GlobalSection(ProjectConfigurationPlatforms) = postSolution
		{AF5DD69E-A195-4FB3-9A73-56EB01C12283}.Debug|Any CPU.ActiveCfg = Debug|Any CPU
		{AF5DD69E-A195-4FB3-9A73-56EB01C12283}.Debug|Any CPU.Build.0 = Debug|Any CPU
		{AF5DD69E-A195-4FB3-9A73-56EB01C12283}.Release|Any CPU.ActiveCfg = Release|Any CPU
		{AF5DD69E-A195-4FB3-9A73-56EB01C12283}.Release|Any CPU.Build.0 = Release|Any CPU
	EndGlobalSection
	GlobalSection(SolutionProperties) = preSolution
		HideSolutionNode = FALSE
	EndGlobalSection
	GlobalSection(ExtensibilityGlobals) = postSolution
		SolutionGuid = {971C543A-E3D1-47A6-9C43-7073FFF2CC14}
	EndGlobalSection
EndGlobal
